<Solution>
  <Folder Name="/src/">
    <Project Path="src/Webora.Application/Webora.Application.csproj" />
    <Project Path="src/Webora.Domain/Webora.Domain.csproj" />
    <Project Path="src/Webora.Infrastructure/Webora.Infrastructure.csproj" />
    <Project Path="src/Webora.Web.Client/Webora.Web.Client.csproj" />
    <Project Path="src/Webora.Web/Webora.Web.csproj" />
  </Folder>
</Solution>
